
Microsoft Visual Studio Solution File, Format Version 12.00
# Visual Studio 15
VisualStudioVersion = 15.0.36123.18
MinimumVisualStudioVersion = 10.0.40219.1
Project("{FAE04EC0-301F-11D3-BF4B-00C04F79EFBC}") = "gs1BarcodeApplication", "gs1BarcodeApplication\gs1BarcodeApplication.csproj", "{DF4A895B-3ED8-4DA3-A8A9-AF6444FB0BE6}"
EndProject
Global
	GlobalSection(SolutionConfigurationPlatforms) = preSolution
		Debug|Any CPU = Debug|Any CPU
		Release|Any CPU = Release|Any CPU
	EndGlobalSection
	GlobalSection(ProjectConfigurationPlatforms) = postSolution
		{DF4A895B-3ED8-4DA3-A8A9-AF6444FB0BE6}.Debug|Any CPU.ActiveCfg = Debug|Any CPU
		{DF4A895B-3ED8-4DA3-A8A9-AF6444FB0BE6}.Debug|Any CPU.Build.0 = Debug|Any CPU
		{DF4A895B-3ED8-4DA3-A8A9-AF6444FB0BE6}.Release|Any CPU.ActiveCfg = Release|Any CPU
		{DF4A895B-3ED8-4DA3-A8A9-AF6444FB0BE6}.Release|Any CPU.Build.0 = Release|Any CPU
	EndGlobalSection
	GlobalSection(SolutionProperties) = preSolution
		HideSolutionNode = FALSE
	EndGlobalSection
	GlobalSection(ExtensibilityGlobals) = postSolution
		SolutionGuid = {DA07EDC6-ADB6-4069-BC32-2D783285F4D4}
	EndGlobalSection
EndGlobal
